// !$*UTF8*$!
{
	archiveVersion = 1;
	classes = {
	};
	objectVersion = 50;
	objects = {

/* Begin PBXBuildFile section */
		2F06690C22344DCD00D0A6BA /* ImageCellModel.swift in Sources */ = {isa = PBXBuildFile; fileRef = 2F06690B22344DCD00D0A6BA /* ImageCellModel.swift */; };
		2F06690E22344DF800D0A6BA /* TextCellModel.swift in Sources */ = {isa = PBXBuildFile; fileRef = 2F06690D22344DF800D0A6BA /* TextCellModel.swift */; };
		2F0669122234517D00D0A6BA /* Data.swift in Sources */ = {isa = PBXBuildFile; fileRef = 2F0669112234517D00D0A6BA /* Data.swift */; };
		2F25A1542227EE6A003CF63D /* AppDelegate.swift in Sources */ = {isa = PBXBuildFile; fileRef = 2F25A1532227EE6A003CF63D /* AppDelegate.swift */; };
		2F25A1562227EE6A003CF63D /* ViewController.swift in Sources */ = {isa = PBXBuildFile; fileRef = 2F25A1552227EE6A003CF63D /* ViewController.swift */; };
		2F25A1592227EE6A003CF63D /* Main.storyboard in Resources */ = {isa = PBXBuildFile; fileRef = 2F25A1572227EE6A003CF63D /* Main.storyboard */; };
		2F25A15B2227EE6C003CF63D /* Assets.xcassets in Resources */ = {isa = PBXBuildFile; fileRef = 2F25A15A2227EE6C003CF63D /* Assets.xcassets */; };
		2F25A15E2227EE6C003CF63D /* LaunchScreen.storyboard in Resources */ = {isa = PBXBuildFile; fileRef = 2F25A15C2227EE6C003CF63D /* LaunchScreen.storyboard */; };
		2F25A1662227EE8B003CF63D /* CellModel.swift in Sources */ = {isa = PBXBuildFile; fileRef = 2F25A1652227EE8B003CF63D /* CellModel.swift */; };
		2F25A1692227EF2A003CF63D /* ImageTableViewCell.swift in Sources */ = {isa = PBXBuildFile; fileRef = 2F25A1672227EF2A003CF63D /* ImageTableViewCell.swift */; };
		2F25A16A2227EF2A003CF63D /* ImageTableViewCell.xib in Resources */ = {isa = PBXBuildFile; fileRef = 2F25A1682227EF2A003CF63D /* ImageTableViewCell.xib */; };
		2F25A16D2227EF5D003CF63D /* TextTableViewCell.swift in Sources */ = {isa = PBXBuildFile; fileRef = 2F25A16B2227EF5D003CF63D /* TextTableViewCell.swift */; };
		2F25A16E2227EF5D003CF63D /* TextTableViewCell.xib in Resources */ = {isa = PBXBuildFile; fileRef = 2F25A16C2227EF5D003CF63D /* TextTableViewCell.xib */; };
		2F25A17422280445003CF63D /* Cellable.swift in Sources */ = {isa = PBXBuildFile; fileRef = 2F25A17322280445003CF63D /* Cellable.swift */; };
/* End PBXBuildFile section */

/* Begin PBXFileReference section */
		2F06690B22344DCD00D0A6BA /* ImageCellModel.swift */ = {isa = PBXFileReference; lastKnownFileType = sourcecode.swift; path = ImageCellModel.swift; sourceTree = "<group>"; };
		2F06690D22344DF800D0A6BA /* TextCellModel.swift */ = {isa = PBXFileReference; lastKnownFileType = sourcecode.swift; path = TextCellModel.swift; sourceTree = "<group>"; };
		2F0669112234517D00D0A6BA /* Data.swift */ = {isa = PBXFileReference; lastKnownFileType = sourcecode.swift; path = Data.swift; sourceTree = "<group>"; };
		2F25A1502227EE6A003CF63D /* TypeErasure.app */ = {isa = PBXFileReference; explicitFileType = wrapper.application; includeInIndex = 0; path = TypeErasure.app; sourceTree = BUILT_PRODUCTS_DIR; };
		2F25A1532227EE6A003CF63D /* AppDelegate.swift */ = {isa = PBXFileReference; lastKnownFileType = sourcecode.swift; path = AppDelegate.swift; sourceTree = "<group>"; };
		2F25A1552227EE6A003CF63D /* ViewController.swift */ = {isa = PBXFileReference; lastKnownFileType = sourcecode.swift; path = ViewController.swift; sourceTree = "<group>"; };
		2F25A1582227EE6A003CF63D /* Base */ = {isa = PBXFileReference; lastKnownFileType = file.storyboard; name = Base; path = Base.lproj/Main.storyboard; sourceTree = "<group>"; };
		2F25A15A2227EE6C003CF63D /* Assets.xcassets */ = {isa = PBXFileReference; lastKnownFileType = folder.assetcatalog; path = Assets.xcassets; sourceTree = "<group>"; };
		2F25A15D2227EE6C003CF63D /* Base */ = {isa = PBXFileReference; lastKnownFileType = file.storyboard; name = Base; path = Base.lproj/LaunchScreen.storyboard; sourceTree = "<group>"; };
		2F25A15F2227EE6C003CF63D /* Info.plist */ = {isa = PBXFileReference; lastKnownFileType = text.plist.xml; path = Info.plist; sourceTree = "<group>"; };
		2F25A1652227EE8B003CF63D /* CellModel.swift */ = {isa = PBXFileReference; lastKnownFileType = sourcecode.swift; path = CellModel.swift; sourceTree = "<group>"; };
		2F25A1672227EF2A003CF63D /* ImageTableViewCell.swift */ = {isa = PBXFileReference; lastKnownFileType = sourcecode.swift; path = ImageTableViewCell.swift; sourceTree = "<group>"; };
		2F25A1682227EF2A003CF63D /* ImageTableViewCell.xib */ = {isa = PBXFileReference; lastKnownFileType = file.xib; path = ImageTableViewCell.xib; sourceTree = "<group>"; };
		2F25A16B2227EF5D003CF63D /* TextTableViewCell.swift */ = {isa = PBXFileReference; lastKnownFileType = sourcecode.swift; path = TextTableViewCell.swift; sourceTree = "<group>"; };
		2F25A16C2227EF5D003CF63D /* TextTableViewCell.xib */ = {isa = PBXFileReference; lastKnownFileType = file.xib; path = TextTableViewCell.xib; sourceTree = "<group>"; };
		2F25A17322280445003CF63D /* Cellable.swift */ = {isa = PBXFileReference; lastKnownFileType = sourcecode.swift; path = Cellable.swift; sourceTree = "<group>"; };
/* End PBXFileReference section */

/* Begin PBXFrameworksBuildPhase section */
		2F25A14D2227EE6A003CF63D /* Frameworks */ = {
			isa = PBXFrameworksBuildPhase;
			buildActionMask = 2147483647;
			files = (
			);
			runOnlyForDeploymentPostprocessing = 0;
		};
/* End PBXFrameworksBuildPhase section */

/* Begin PBXGroup section */
		2F06690822344D6100D0A6BA /* Resources */ = {
			isa = PBXGroup;
			children = (
				2F25A1532227EE6A003CF63D /* AppDelegate.swift */,
				2F25A15F2227EE6C003CF63D /* Info.plist */,
				2F25A15C2227EE6C003CF63D /* LaunchScreen.storyboard */,
				2F25A15A2227EE6C003CF63D /* Assets.xcassets */,
				2F0669112234517D00D0A6BA /* Data.swift */,
			);
			path = Resources;
			sourceTree = "<group>";
		};
		2F06690922344D8B00D0A6BA /* TableCells */ = {
			isa = PBXGroup;
			children = (
				2F25A16B2227EF5D003CF63D /* TextTableViewCell.swift */,
				2F25A16C2227EF5D003CF63D /* TextTableViewCell.xib */,
				2F25A1672227EF2A003CF63D /* ImageTableViewCell.swift */,
				2F25A1682227EF2A003CF63D /* ImageTableViewCell.xib */,
			);
			path = TableCells;
			sourceTree = "<group>";
		};
		2F06690A22344DB600D0A6BA /* Models */ = {
			isa = PBXGroup;
			children = (
				2F25A1652227EE8B003CF63D /* CellModel.swift */,
				2F25A17322280445003CF63D /* Cellable.swift */,
				2F06690B22344DCD00D0A6BA /* ImageCellModel.swift */,
				2F06690D22344DF800D0A6BA /* TextCellModel.swift */,
			);
			path = Models;
			sourceTree = "<group>";
		};
		2F25A1472227EE6A003CF63D = {
			isa = PBXGroup;
			children = (
				2F25A1522227EE6A003CF63D /* TypeErasure */,
				2F25A1512227EE6A003CF63D /* Products */,
			);
			sourceTree = "<group>";
		};
		2F25A1512227EE6A003CF63D /* Products */ = {
			isa = PBXGroup;
			children = (
				2F25A1502227EE6A003CF63D /* TypeErasure.app */,
			);
			name = Products;
			sourceTree = "<group>";
		};
		2F25A1522227EE6A003CF63D /* TypeErasure */ = {
			isa = PBXGroup;
			children = (
				2F06690A22344DB600D0A6BA /* Models */,
				2F06690922344D8B00D0A6BA /* TableCells */,
				2F25A1552227EE6A003CF63D /* ViewController.swift */,
				2F25A1572227EE6A003CF63D /* Main.storyboard */,
				2F06690822344D6100D0A6BA /* Resources */,
			);
			path = TypeErasure;
			sourceTree = "<group>";
		};
/* End PBXGroup section */

/* Begin PBXNativeTarget section */
		2F25A14F2227EE6A003CF63D /* TypeErasure */ = {
			isa = PBXNativeTarget;
			buildConfigurationList = 2F25A1622227EE6C003CF63D /* Build configuration list for PBXNativeTarget "TypeErasure" */;
			buildPhases = (
				2F25A14C2227EE6A003CF63D /* Sources */,
				2F25A14D2227EE6A003CF63D /* Frameworks */,
				2F25A14E2227EE6A003CF63D /* Resources */,
			);
			buildRules = (
			);
			dependencies = (
			);
			name = TypeErasure;
			productName = TypeErasure;
			productReference = 2F25A1502227EE6A003CF63D /* TypeErasure.app */;
			productType = "com.apple.product-type.application";
		};
/* End PBXNativeTarget section */

/* Begin PBXProject section */
		2F25A1482227EE6A003CF63D /* Project object */ = {
			isa = PBXProject;
			attributes = {
				LastSwiftUpdateCheck = 1010;
				LastUpgradeCheck = 1010;
				ORGANIZATIONNAME = "Rokon Uddin";
				TargetAttributes = {
					2F25A14F2227EE6A003CF63D = {
						CreatedOnToolsVersion = 10.1;
					};
				};
			};
			buildConfigurationList = 2F25A14B2227EE6A003CF63D /* Build configuration list for PBXProject "TypeErasure" */;
			compatibilityVersion = "Xcode 9.3";
			developmentRegion = en;
			hasScannedForEncodings = 0;
			knownRegions = (
				en,
				Base,
			);
			mainGroup = 2F25A1472227EE6A003CF63D;
			productRefGroup = 2F25A1512227EE6A003CF63D /* Products */;
			projectDirPath = "";
			projectRoot = "";
			targets = (
				2F25A14F2227EE6A003CF63D /* TypeErasure */,
			);
		};
/* End PBXProject section */

/* Begin PBXResourcesBuildPhase section */
		2F25A14E2227EE6A003CF63D /* Resources */ = {
			isa = PBXResourcesBuildPhase;
			buildActionMask = 2147483647;
			files = (
				2F25A15E2227EE6C003CF63D /* LaunchScreen.storyboard in Resources */,
				2F25A16E2227EF5D003CF63D /* TextTableViewCell.xib in Resources */,
				2F25A16A2227EF2A003CF63D /* ImageTableViewCell.xib in Resources */,
				2F25A15B2227EE6C003CF63D /* Assets.xcassets in Resources */,
				2F25A1592227EE6A003CF63D /* Main.storyboard in Resources */,
			);
			runOnlyForDeploymentPostprocessing = 0;
		};
/* End PBXResourcesBuildPhase section */

/* Begin PBXSourcesBuildPhase section */
		2F25A14C2227EE6A003CF63D /* Sources */ = {
			isa = PBXSourcesBuildPhase;
			buildActionMask = 2147483647;
			files = (
				2F25A1562227EE6A003CF63D /* ViewController.swift in Sources */,
				2F25A1692227EF2A003CF63D /* ImageTableViewCell.swift in Sources */,
				2F25A17422280445003CF63D /* Cellable.swift in Sources */,
				2F06690C22344DCD00D0A6BA /* ImageCellModel.swift in Sources */,
				2F0669122234517D00D0A6BA /* Data.swift in Sources */,
				2F25A1542227EE6A003CF63D /* AppDelegate.swift in Sources */,
				2F25A1662227EE8B003CF63D /* CellModel.swift in Sources */,
				2F25A16D2227EF5D003CF63D /* TextTableViewCell.swift in Sources */,
				2F06690E22344DF800D0A6BA /* TextCellModel.swift in Sources */,
			);
			runOnlyForDeploymentPostprocessing = 0;
		};
/* End PBXSourcesBuildPhase section */

/* Begin PBXVariantGroup section */
		2F25A1572227EE6A003CF63D /* Main.storyboard */ = {
			isa = PBXVariantGroup;
			children = (
				2F25A1582227EE6A003CF63D /* Base */,
			);
			name = Main.storyboard;
			sourceTree = "<group>";
		};
		2F25A15C2227EE6C003CF63D /* LaunchScreen.storyboard */ = {
			isa = PBXVariantGroup;
			children = (
				2F25A15D2227EE6C003CF63D /* Base */,
			);
			name = LaunchScreen.storyboard;
			sourceTree = "<group>";
		};
/* End PBXVariantGroup section */

/* Begin XCBuildConfiguration section */
		2F25A1602227EE6C003CF63D /* Debug */ = {
			isa = XCBuildConfiguration;
			buildSettings = {
				ALWAYS_SEARCH_USER_PATHS = NO;
				CLANG_ANALYZER_NONNULL = YES;
				CLANG_ANALYZER_NUMBER_OBJECT_CONVERSION = YES_AGGRESSIVE;
				CLANG_CXX_LANGUAGE_STANDARD = "gnu++14";
				CLANG_CXX_LIBRARY = "libc++";
				CLANG_ENABLE_MODULES = YES;
				CLANG_ENABLE_OBJC_ARC = YES;
				CLANG_ENABLE_OBJC_WEAK = YES;
				CLANG_WARN_BLOCK_CAPTURE_AUTORELEASING = YES;
				CLANG_WARN_BOOL_CONVERSION = YES;
				CLANG_WARN_COMMA = YES;
				CLANG_WARN_CONSTANT_CONVERSION = YES;
				CLANG_WARN_DEPRECATED_OBJC_IMPLEMENTATIONS = YES;
				CLANG_WARN_DIRECT_OBJC_ISA_USAGE = YES_ERROR;
				CLANG_WARN_DOCUMENTATION_COMMENTS = YES;
				CLANG_WARN_EMPTY_BODY = YES;
				CLANG_WARN_ENUM_CONVERSION = YES;
				CLANG_WARN_INFINITE_RECURSION = YES;
				CLANG_WARN_INT_CONVERSION = YES;
				CLANG_WARN_NON_LITERAL_NULL_CONVERSION = YES;
				CLANG_WARN_OBJC_IMPLICIT_RETAIN_SELF = YES;
				CLANG_WARN_OBJC_LITERAL_CONVERSION = YES;
				CLANG_WARN_OBJC_ROOT_CLASS = YES_ERROR;
				CLANG_WARN_RANGE_LOOP_ANALYSIS = YES;
				CLANG_WARN_STRICT_PROTOTYPES = YES;
				CLANG_WARN_SUSPICIOUS_MOVE = YES;
				CLANG_WARN_UNGUARDED_AVAILABILITY = YES_AGGRESSIVE;
				CLANG_WARN_UNREACHABLE_CODE = YES;
				CLANG_WARN__DUPLICATE_METHOD_MATCH = YES;
				CODE_SIGN_IDENTITY = "iPhone Developer";
				COPY_PHASE_STRIP = NO;
				DEBUG_INFORMATION_FORMAT = dwarf;
				ENABLE_STRICT_OBJC_MSGSEND = YES;
				ENABLE_TESTABILITY = YES;
				GCC_C_LANGUAGE_STANDARD = gnu11;
				GCC_DYNAMIC_NO_PIC = NO;
				GCC_NO_COMMON_BLOCKS = YES;
				GCC_OPTIMIZATION_LEVEL = 0;
				GCC_PREPROCESSOR_DEFINITIONS = (
					"DEBUG=1",
					"$(inherited)",
				);
				GCC_WARN_64_TO_32_BIT_CONVERSION = YES;
				GCC_WARN_ABOUT_RETURN_TYPE = YES_ERROR;
				GCC_WARN_UNDECLARED_SELECTOR = YES;
				GCC_WARN_UNINITIALIZED_AUTOS = YES_AGGRESSIVE;
				GCC_WARN_UNUSED_FUNCTION = YES;
				GCC_WARN_UNUSED_VARIABLE = YES;
				IPHONEOS_DEPLOYMENT_TARGET = 12.1;
				MTL_ENABLE_DEBUG_INFO = INCLUDE_SOURCE;
				MTL_FAST_MATH = YES;
				ONLY_ACTIVE_ARCH = YES;
				SDKROOT = iphoneos;
				SWIFT_ACTIVE_COMPILATION_CONDITIONS = DEBUG;
				SWIFT_OPTIMIZATION_LEVEL = "-Onone";
			};
			name = Debug;
		};
		2F25A1612227EE6C003CF63D /* Release */ = {
			isa = XCBuildConfiguration;
			buildSettings = {
				ALWAYS_SEARCH_USER_PATHS = NO;
				CLANG_ANALYZER_NONNULL = YES;
				CLANG_ANALYZER_NUMBER_OBJECT_CONVERSION = YES_AGGRESSIVE;
				CLANG_CXX_LANGUAGE_STANDARD = "gnu++14";
				CLANG_CXX_LIBRARY = "libc++";
				CLANG_ENABLE_MODULES = YES;
				CLANG_ENABLE_OBJC_ARC = YES;
				CLANG_ENABLE_OBJC_WEAK = YES;
				CLANG_WARN_BLOCK_CAPTURE_AUTORELEASING = YES;
				CLANG_WARN_BOOL_CONVERSION = YES;
				CLANG_WARN_COMMA = YES;
				CLANG_WARN_CONSTANT_CONVERSION = YES;
				CLANG_WARN_DEPRECATED_OBJC_IMPLEMENTATIONS = YES;
				CLANG_WARN_DIRECT_OBJC_ISA_USAGE = YES_ERROR;
				CLANG_WARN_DOCUMENTATION_COMMENTS = YES;
				CLANG_WARN_EMPTY_BODY = YES;
				CLANG_WARN_ENUM_CONVERSION = YES;
				CLANG_WARN_INFINITE_RECURSION = YES;
				CLANG_WARN_INT_CONVERSION = YES;
				CLANG_WARN_NON_LITERAL_NULL_CONVERSION = YES;
				CLANG_WARN_OBJC_IMPLICIT_RETAIN_SELF = YES;
				CLANG_WARN_OBJC_LITERAL_CONVERSION = YES;
				CLANG_WARN_OBJC_ROOT_CLASS = YES_ERROR;
				CLANG_WARN_RANGE_LOOP_ANALYSIS = YES;
				CLANG_WARN_STRICT_PROTOTYPES = YES;
				CLANG_WARN_SUSPICIOUS_MOVE = YES;
				CLANG_WARN_UNGUARDED_AVAILABILITY = YES_AGGRESSIVE;
				CLANG_WARN_UNREACHABLE_CODE = YES;
				CLANG_WARN__DUPLICATE_METHOD_MATCH = YES;
				CODE_SIGN_IDENTITY = "iPhone Developer";
				COPY_PHASE_STRIP = NO;
				DEBUG_INFORMATION_FORMAT = "dwarf-with-dsym";
				ENABLE_NS_ASSERTIONS = NO;
				ENABLE_STRICT_OBJC_MSGSEND = YES;
				GCC_C_LANGUAGE_STANDARD = gnu11;
				GCC_NO_COMMON_BLOCKS = YES;
				GCC_WARN_64_TO_32_BIT_CONVERSION = YES;
				GCC_WARN_ABOUT_RETURN_TYPE = YES_ERROR;
				GCC_WARN_UNDECLARED_SELECTOR = YES;
				GCC_WARN_UNINITIALIZED_AUTOS = YES_AGGRESSIVE;
				GCC_WARN_UNUSED_FUNCTION = YES;
				GCC_WARN_UNUSED_VARIABLE = YES;
				IPHONEOS_DEPLOYMENT_TARGET = 12.1;
				MTL_ENABLE_DEBUG_INFO = NO;
				MTL_FAST_MATH = YES;
				SDKROOT = iphoneos;
				SWIFT_COMPILATION_MODE = wholemodule;
				SWIFT_OPTIMIZATION_LEVEL = "-O";
				VALIDATE_PRODUCT = YES;
			};
			name = Release;
		};
		2F25A1632227EE6C003CF63D /* Debug */ = {
			isa = XCBuildConfiguration;
			buildSettings = {
				ASSETCATALOG_COMPILER_APPICON_NAME = AppIcon;
				CODE_SIGN_STYLE = Automatic;
				DEVELOPMENT_TEAM = GJW24JA7KV;
				INFOPLIST_FILE = "$(SRCROOT)/TypeErasure/Resources/Info.plist";
				LD_RUNPATH_SEARCH_PATHS = (
					"$(inherited)",
					"@executable_path/Frameworks",
				);
				PRODUCT_BUNDLE_IDENTIFIER = bd.rokon.uddin.TypeErasure;
				PRODUCT_NAME = "$(TARGET_NAME)";
				SWIFT_VERSION = 4.2;
				TARGETED_DEVICE_FAMILY = "1,2";
			};
			name = Debug;
		};
		2F25A1642227EE6C003CF63D /* Release */ = {
			isa = XCBuildConfiguration;
			buildSettings = {
				ASSETCATALOG_COMPILER_APPICON_NAME = AppIcon;
				CODE_SIGN_STYLE = Automatic;
				DEVELOPMENT_TEAM = GJW24JA7KV;
				INFOPLIST_FILE = "$(SRCROOT)/TypeErasure/Resources/Info.plist";
				LD_RUNPATH_SEARCH_PATHS = (
					"$(inherited)",
					"@executable_path/Frameworks",
				);
				PRODUCT_BUNDLE_IDENTIFIER = bd.rokon.uddin.TypeErasure;
				PRODUCT_NAME = "$(TARGET_NAME)";
				SWIFT_VERSION = 4.2;
				TARGETED_DEVICE_FAMILY = "1,2";
			};
			name = Release;
		};
/* End XCBuildConfiguration section */

/* Begin XCConfigurationList section */
		2F25A14B2227EE6A003CF63D /* Build configuration list for PBXProject "TypeErasure" */ = {
			isa = XCConfigurationList;
			buildConfigurations = (
				2F25A1602227EE6C003CF63D /* Debug */,
				2F25A1612227EE6C003CF63D /* Release */,
			);
			defaultConfigurationIsVisible = 0;
			defaultConfigurationName = Release;
		};
		2F25A1622227EE6C003CF63D /* Build configuration list for PBXNativeTarget "TypeErasure" */ = {
			isa = XCConfigurationList;
			buildConfigurations = (
				2F25A1632227EE6C003CF63D /* Debug */,
				2F25A1642227EE6C003CF63D /* Release */,
			);
			defaultConfigurationIsVisible = 0;
			defaultConfigurationName = Release;
		};
/* End XCConfigurationList section */
	};
	rootObject = 2F25A1482227EE6A003CF63D /* Project object */;
}
